
Microsoft Visual Studio Solution File, Format Version 12.00
# Visual Studio 15
VisualStudioVersion = 15.0.28010.2046
MinimumVisualStudioVersion = 10.0.40219.1
Project("{FAE04EC0-301F-11D3-BF4B-00C04F79EFBC}") = "AppInsightsTest", "AppInsightsTest\AppInsightsTest.csproj", "{2F17D3FD-C660-4780-9E42-88354F0A24EE}"
EndProject
Global
	GlobalSection(SolutionConfigurationPlatforms) = preSolution
		Debug|Any CPU = Debug|Any CPU
		Release|Any CPU = Release|Any CPU
	EndGlobalSection
	GlobalSection(ProjectConfigurationPlatforms) = postSolution
		{2F17D3FD-C660-4780-9E42-88354F0A24EE}.Debug|Any CPU.ActiveCfg = Debug|Any CPU
		{2F17D3FD-C660-4780-9E42-88354F0A24EE}.Debug|Any CPU.Build.0 = Debug|Any CPU
		{2F17D3FD-C660-4780-9E42-88354F0A24EE}.Release|Any CPU.ActiveCfg = Release|Any CPU
		{2F17D3FD-C660-4780-9E42-88354F0A24EE}.Release|Any CPU.Build.0 = Release|Any CPU
	EndGlobalSection
	GlobalSection(SolutionProperties) = preSolution
		HideSolutionNode = FALSE
	EndGlobalSection
	GlobalSection(ExtensibilityGlobals) = postSolution
		SolutionGuid = {588266EB-A500-43C2-A7B0-C4E3F1EB3D13}
	EndGlobalSection
EndGlobal
